
Microsoft Visual Studio Solution File, Format Version 12.00
# Visual Studio Version 17
VisualStudioVersion = 17.0.32014.148
MinimumVisualStudioVersion = 10.0.40219.1
Project("{FAE04EC0-301F-11D3-BF4B-00C04F79EFBC}") = "SignUp", "SignUp\SignUp.csproj", "{737EE9D3-527B-4A8C-9E8F-3FA9F2214831}"
EndProject
Project("{FAE04EC0-301F-11D3-BF4B-00C04F79EFBC}") = "SignUp.Domain", "SignUp.Domain\SignUp.Domain.csproj", "{62176E35-5240-45B9-8F1C-97C855AF049D}"
EndProject
Project("{FAE04EC0-301F-11D3-BF4B-00C04F79EFBC}") = "SignUp.Application", "SignUp.Application\SignUp.Application.csproj", "{85B3280D-2049-4FC7-B7E1-80DD4B1EA950}"
EndProject
Project("{FAE04EC0-301F-11D3-BF4B-00C04F79EFBC}") = "SignUp.Infrastructure", "SignUp.Infrastructure\SignUp.Infrastructure.csproj", "{9840852B-A215-4ECB-844A-4A4B0BCE894E}"
EndProject
Project("{FAE04EC0-301F-11D3-BF4B-00C04F79EFBC}") = "SignUpForCompany", "SignUpForCompany\SignUpForCompany.csproj", "{F18F56B0-2E03-47AB-B1F6-2B75F5CC2A82}"
EndProject
Project("{FAE04EC0-301F-11D3-BF4B-00C04F79EFBC}") = "SingUp.Tests", "SingUp.Tests\SingUp.Tests.csproj", "{53733102-17A3-43FD-A0AB-8746C4550FBE}"
EndProject
Global
	GlobalSection(SolutionConfigurationPlatforms) = preSolution
		Debug|Any CPU = Debug|Any CPU
		Release|Any CPU = Release|Any CPU
	EndGlobalSection
	GlobalSection(ProjectConfigurationPlatforms) = postSolution
		{737EE9D3-527B-4A8C-9E8F-3FA9F2214831}.Debug|Any CPU.ActiveCfg = Debug|Any CPU
		{737EE9D3-527B-4A8C-9E8F-3FA9F2214831}.Debug|Any CPU.Build.0 = Debug|Any CPU
		{737EE9D3-527B-4A8C-9E8F-3FA9F2214831}.Release|Any CPU.ActiveCfg = Release|Any CPU
		{737EE9D3-527B-4A8C-9E8F-3FA9F2214831}.Release|Any CPU.Build.0 = Release|Any CPU
		{62176E35-5240-45B9-8F1C-97C855AF049D}.Debug|Any CPU.ActiveCfg = Debug|Any CPU
		{62176E35-5240-45B9-8F1C-97C855AF049D}.Debug|Any CPU.Build.0 = Debug|Any CPU
		{62176E35-5240-45B9-8F1C-97C855AF049D}.Release|Any CPU.ActiveCfg = Release|Any CPU
		{62176E35-5240-45B9-8F1C-97C855AF049D}.Release|Any CPU.Build.0 = Release|Any CPU
		{85B3280D-2049-4FC7-B7E1-80DD4B1EA950}.Debug|Any CPU.ActiveCfg = Debug|Any CPU
		{85B3280D-2049-4FC7-B7E1-80DD4B1EA950}.Debug|Any CPU.Build.0 = Debug|Any CPU
		{85B3280D-2049-4FC7-B7E1-80DD4B1EA950}.Release|Any CPU.ActiveCfg = Release|Any CPU
		{85B3280D-2049-4FC7-B7E1-80DD4B1EA950}.Release|Any CPU.Build.0 = Release|Any CPU
		{9840852B-A215-4ECB-844A-4A4B0BCE894E}.Debug|Any CPU.ActiveCfg = Debug|Any CPU
		{9840852B-A215-4ECB-844A-4A4B0BCE894E}.Debug|Any CPU.Build.0 = Debug|Any CPU
		{9840852B-A215-4ECB-844A-4A4B0BCE894E}.Release|Any CPU.ActiveCfg = Release|Any CPU
		{9840852B-A215-4ECB-844A-4A4B0BCE894E}.Release|Any CPU.Build.0 = Release|Any CPU
		{F18F56B0-2E03-47AB-B1F6-2B75F5CC2A82}.Debug|Any CPU.ActiveCfg = Debug|Any CPU
		{F18F56B0-2E03-47AB-B1F6-2B75F5CC2A82}.Debug|Any CPU.Build.0 = Debug|Any CPU
		{F18F56B0-2E03-47AB-B1F6-2B75F5CC2A82}.Release|Any CPU.ActiveCfg = Release|Any CPU
		{F18F56B0-2E03-47AB-B1F6-2B75F5CC2A82}.Release|Any CPU.Build.0 = Release|Any CPU
		{53733102-17A3-43FD-A0AB-8746C4550FBE}.Debug|Any CPU.ActiveCfg = Debug|Any CPU
		{53733102-17A3-43FD-A0AB-8746C4550FBE}.Debug|Any CPU.Build.0 = Debug|Any CPU
		{53733102-17A3-43FD-A0AB-8746C4550FBE}.Release|Any CPU.ActiveCfg = Release|Any CPU
		{53733102-17A3-43FD-A0AB-8746C4550FBE}.Release|Any CPU.Build.0 = Release|Any CPU
	EndGlobalSection
	GlobalSection(SolutionProperties) = preSolution
		HideSolutionNode = FALSE
	EndGlobalSection
	GlobalSection(ExtensibilityGlobals) = postSolution
		SolutionGuid = {DBAF33EB-A7B1-4821-999E-3D07891F04C4}
	EndGlobalSection
EndGlobal
